
Microsoft Visual Studio Solution File, Format Version 12.00
Project("{FAE04EC0-301F-11D3-BF4B-00C04F79EFBC}") = "PangTools.FreshUI.Serialization", "PangTools.FreshUI.Serialization\PangTools.FreshUI.Serialization.csproj", "{A1A1CFEC-639F-4128-A8AC-0034C4F2E6AE}"
EndProject
Project("{FAE04EC0-301F-11D3-BF4B-00C04F79EFBC}") = "PangTools.FreshUI.CLI", "PangTools.FreshUI.CLI\PangTools.FreshUI.CLI.csproj", "{C336C841-A279-483C-BF61-663DB962E637}"
EndProject
Project("{FAE04EC0-301F-11D3-BF4B-00C04F79EFBC}") = "PangTools.FreshUI.Renderer", "PangTools.FreshUI.Renderer\PangTools.FreshUI.Renderer.csproj", "{FA89196A-B754-4E43-91D9-6D291DB47A2F}"
EndProject
Global
	GlobalSection(SolutionConfigurationPlatforms) = preSolution
		Debug|Any CPU = Debug|Any CPU
		Release|Any CPU = Release|Any CPU
	EndGlobalSection
	GlobalSection(ProjectConfigurationPlatforms) = postSolution
		{A1A1CFEC-639F-4128-A8AC-0034C4F2E6AE}.Debug|Any CPU.ActiveCfg = Debug|Any CPU
		{A1A1CFEC-639F-4128-A8AC-0034C4F2E6AE}.Debug|Any CPU.Build.0 = Debug|Any CPU
		{A1A1CFEC-639F-4128-A8AC-0034C4F2E6AE}.Release|Any CPU.ActiveCfg = Release|Any CPU
		{A1A1CFEC-639F-4128-A8AC-0034C4F2E6AE}.Release|Any CPU.Build.0 = Release|Any CPU
		{C336C841-A279-483C-BF61-663DB962E637}.Debug|Any CPU.ActiveCfg = Debug|Any CPU
		{C336C841-A279-483C-BF61-663DB962E637}.Debug|Any CPU.Build.0 = Debug|Any CPU
		{C336C841-A279-483C-BF61-663DB962E637}.Release|Any CPU.ActiveCfg = Release|Any CPU
		{C336C841-A279-483C-BF61-663DB962E637}.Release|Any CPU.Build.0 = Release|Any CPU
		{FA89196A-B754-4E43-91D9-6D291DB47A2F}.Debug|Any CPU.ActiveCfg = Debug|Any CPU
		{FA89196A-B754-4E43-91D9-6D291DB47A2F}.Debug|Any CPU.Build.0 = Debug|Any CPU
		{FA89196A-B754-4E43-91D9-6D291DB47A2F}.Release|Any CPU.ActiveCfg = Release|Any CPU
		{FA89196A-B754-4E43-91D9-6D291DB47A2F}.Release|Any CPU.Build.0 = Release|Any CPU
	EndGlobalSection
EndGlobal
